// !$*UTF8*$!
{
	archiveVersion = 1;
	classes = {
	};
	objectVersion = 46;
	objects = {

/* Begin PBXBuildFile section */
		FD18553B19CBAACB00AC1357 /* CoreData.framework in Frameworks */ = {isa = PBXBuildFile; fileRef = FD18553A19CBAACB00AC1357 /* CoreData.framework */; };
		FD1CA0D219CBBA41006BED25 /* test.html in Resources */ = {isa = PBXBuildFile; fileRef = FD1CA0D019CBBA41006BED25 /* test.html */; };
		FD1CA0D319CBBA41006BED25 /* TemplateIcon2x.png in Resources */ = {isa = PBXBuildFile; fileRef = FD1CA0D119CBBA41006BED25 /* TemplateIcon2x.png */; };
		FD1CA0D919CBD128006BED25 /* Anger.csv in Resources */ = {isa = PBXBuildFile; fileRef = FD1CA0D819CBD128006BED25 /* Anger.csv */; };
		FD21F7C01A257FE300E0E207 /* Inspirations.json in Resources */ = {isa = PBXBuildFile; fileRef = FD21F7BF1A257FE300E0E207 /* Inspirations.json */; };
		FD21F7C11A25800200E0E207 /* Inspirations.json in CopyFiles */ = {isa = PBXBuildFile; fileRef = FD21F7BF1A257FE300E0E207 /* Inspirations.json */; };
		FD21F7C31A29198500E0E207 /* Social.framework in Frameworks */ = {isa = PBXBuildFile; fileRef = FD21F7C21A29198500E0E207 /* Social.framework */; };
		FD21F7C61A29342400E0E207 /* QuoteItem.m in Sources */ = {isa = PBXBuildFile; fileRef = FD21F7C51A29342400E0E207 /* QuoteItem.m */; };
		FD21F7C91A2A444700E0E207 /* ClassViewController.m in Sources */ = {isa = PBXBuildFile; fileRef = FD21F7C81A2A444700E0E207 /* ClassViewController.m */; };
		FD3953F919C8FA760070E650 /* MuseoSans_300.otf in Resources */ = {isa = PBXBuildFile; fileRef = FD3953F819C8FA760070E650 /* MuseoSans_300.otf */; };
		FD3953FC19C8FD140070E650 /* ColorPalette.m in Sources */ = {isa = PBXBuildFile; fileRef = FD3953FB19C8FD140070E650 /* ColorPalette.m */; };
		FD7151E91A1932F200F91ECE /* Delusions.json in Resources */ = {isa = PBXBuildFile; fileRef = FD7151E71A1932F200F91ECE /* Delusions.json */; };
		FD7151EA1A1932F200F91ECE /* TemplateIcon2x.png in Resources */ = {isa = PBXBuildFile; fileRef = FD7151E81A1932F200F91ECE /* TemplateIcon2x.png */; };
		FD7151EC1A19339400F91ECE /* Delusions.json in CopyFiles */ = {isa = PBXBuildFile; fileRef = FD7151E71A1932F200F91ECE /* Delusions.json */; };
		FD7151F01A201A8600F91ECE /* Main.storyboard in Resources */ = {isa = PBXBuildFile; fileRef = FD7151EF1A201A8600F91ECE /* Main.storyboard */; };
		FD7151F31A20297700F91ECE /* Quote.m in Sources */ = {isa = PBXBuildFile; fileRef = FD7151F21A20297700F91ECE /* Quote.m */; };
		FD823C0C19C7DB06006853F2 /* AudioToolbox.framework in Frameworks */ = {isa = PBXBuildFile; fileRef = FD823C0B19C7DB06006853F2 /* AudioToolbox.framework */; };
		FD823C0E19C7DB60006853F2 /* bell-ringing-05.wav in Resources */ = {isa = PBXBuildFile; fileRef = FD823C0D19C7DB60006853F2 /* bell-ringing-05.wav */; };
		FD823C1019C7E3B9006853F2 /* bell1.wav in Resources */ = {isa = PBXBuildFile; fileRef = FD823C0F19C7E3B9006853F2 /* bell1.wav */; };
		FD8B7A6519C4C5CE00553D34 /* HomeItem.m in Sources */ = {isa = PBXBuildFile; fileRef = FD8B7A6419C4C5CE00553D34 /* HomeItem.m */; };
		FDA6211D19C61654008D63C2 /* MeditationTimerViewController.m in Sources */ = {isa = PBXBuildFile; fileRef = FDA6211C19C61654008D63C2 /* MeditationTimerViewController.m */; };
		FDA6212019C61864008D63C2 /* GoodAdviceViewController.m in Sources */ = {isa = PBXBuildFile; fileRef = FDA6211F19C61864008D63C2 /* GoodAdviceViewController.m */; };
		FDA6212319C61CF6008D63C2 /* AdviceItem.m in Sources */ = {isa = PBXBuildFile; fileRef = FDA6212219C61CF6008D63C2 /* AdviceItem.m */; };
		FDC949AF19BE42C7009A681C /* Foundation.framework in Frameworks */ = {isa = PBXBuildFile; fileRef = FDC949AE19BE42C7009A681C /* Foundation.framework */; };
		FDC949B119BE42C7009A681C /* CoreGraphics.framework in Frameworks */ = {isa = PBXBuildFile; fileRef = FDC949B019BE42C7009A681C /* CoreGraphics.framework */; };
		FDC949B319BE42C7009A681C /* UIKit.framework in Frameworks */ = {isa = PBXBuildFile; fileRef = FDC949B219BE42C7009A681C /* UIKit.framework */; };
		FDC949B919BE42C7009A681C /* InfoPlist.strings in Resources */ = {isa = PBXBuildFile; fileRef = FDC949B719BE42C7009A681C /* InfoPlist.strings */; };
		FDC949BB19BE42C7009A681C /* main.m in Sources */ = {isa = PBXBuildFile; fileRef = FDC949BA19BE42C7009A681C /* main.m */; };
		FDC949BF19BE42C7009A681C /* AppDelegate.m in Sources */ = {isa = PBXBuildFile; fileRef = FDC949BE19BE42C7009A681C /* AppDelegate.m */; };
		FDC949CA19BE42C7009A681C /* Images.xcassets in Resources */ = {isa = PBXBuildFile; fileRef = FDC949C919BE42C7009A681C /* Images.xcassets */; };
		FDC949D119BE42C7009A681C /* XCTest.framework in Frameworks */ = {isa = PBXBuildFile; fileRef = FDC949D019BE42C7009A681C /* XCTest.framework */; };
		FDC949D219BE42C7009A681C /* Foundation.framework in Frameworks */ = {isa = PBXBuildFile; fileRef = FDC949AE19BE42C7009A681C /* Foundation.framework */; };
		FDC949D319BE42C7009A681C /* UIKit.framework in Frameworks */ = {isa = PBXBuildFile; fileRef = FDC949B219BE42C7009A681C /* UIKit.framework */; };
		FDC949DB19BE42C7009A681C /* InfoPlist.strings in Resources */ = {isa = PBXBuildFile; fileRef = FDC949D919BE42C7009A681C /* InfoPlist.strings */; };
		FDC949DD19BE42C7009A681C /* KMCSFTests.m in Sources */ = {isa = PBXBuildFile; fileRef = FDC949DC19BE42C7009A681C /* KMCSFTests.m */; };
		FDC949EC19BE4323009A681C /* HomeMenuItems.plist in Resources */ = {isa = PBXBuildFile; fileRef = FDC949E619BE4323009A681C /* HomeMenuItems.plist */; };
		FDC949ED19BE4323009A681C /* HomeViewController.m in Sources */ = {isa = PBXBuildFile; fileRef = FDC949E819BE4323009A681C /* HomeViewController.m */; };
		FDC949EE19BE4323009A681C /* Quotes.plist in Resources */ = {isa = PBXBuildFile; fileRef = FDC949E919BE4323009A681C /* Quotes.plist */; };
		FDC949EF19BE4323009A681C /* QuoteViewController.m in Sources */ = {isa = PBXBuildFile; fileRef = FDC949EB19BE4323009A681C /* QuoteViewController.m */; };
		FDEA38FB19C4E60D0073CBE8 /* TransparentNav.m in Sources */ = {isa = PBXBuildFile; fileRef = FDEA38FA19C4E60D0073CBE8 /* TransparentNav.m */; };
/* End PBXBuildFile section */

/* Begin PBXContainerItemProxy section */
		FDC949D419BE42C7009A681C /* PBXContainerItemProxy */ = {
			isa = PBXContainerItemProxy;
			containerPortal = FDC949A319BE42C7009A681C /* Project object */;
			proxyType = 1;
			remoteGlobalIDString = FDC949AA19BE42C7009A681C;
			remoteInfo = KMCSF;
		};
/* End PBXContainerItemProxy section */

/* Begin PBXCopyFilesBuildPhase section */
		FD7151EB1A19337D00F91ECE /* CopyFiles */ = {
			isa = PBXCopyFilesBuildPhase;
			buildActionMask = 2147483647;
			dstPath = "";
			dstSubfolderSpec = 16;
			files = (
				FD7151EC1A19339400F91ECE /* Delusions.json in CopyFiles */,
				FD21F7C11A25800200E0E207 /* Inspirations.json in CopyFiles */,
			);
			runOnlyForDeploymentPostprocessing = 0;
		};
/* End PBXCopyFilesBuildPhase section */

/* Begin PBXFileReference section */
		FD18553A19CBAACB00AC1357 /* CoreData.framework */ = {isa = PBXFileReference; lastKnownFileType = wrapper.framework; name = CoreData.framework; path = System/Library/Frameworks/CoreData.framework; sourceTree = SDKROOT; };
		FD1CA0D019CBBA41006BED25 /* test.html */ = {isa = PBXFileReference; fileEncoding = 4; lastKnownFileType = text.html; path = test.html; sourceTree = "<group>"; };
		FD1CA0D119CBBA41006BED25 /* TemplateIcon2x.png */ = {isa = PBXFileReference; lastKnownFileType = image.png; path = TemplateIcon2x.png; sourceTree = "<group>"; };
		FD1CA0D819CBD128006BED25 /* Anger.csv */ = {isa = PBXFileReference; fileEncoding = 4; lastKnownFileType = text; path = Anger.csv; sourceTree = "<group>"; };
		FD21F7BF1A257FE300E0E207 /* Inspirations.json */ = {isa = PBXFileReference; fileEncoding = 4; lastKnownFileType = text.json; path = Inspirations.json; sourceTree = "<group>"; };
		FD21F7C21A29198500E0E207 /* Social.framework */ = {isa = PBXFileReference; lastKnownFileType = wrapper.framework; name = Social.framework; path = System/Library/Frameworks/Social.framework; sourceTree = SDKROOT; };
		FD21F7C41A29342400E0E207 /* QuoteItem.h */ = {isa = PBXFileReference; fileEncoding = 4; lastKnownFileType = sourcecode.c.h; path = QuoteItem.h; sourceTree = "<group>"; };
		FD21F7C51A29342400E0E207 /* QuoteItem.m */ = {isa = PBXFileReference; fileEncoding = 4; lastKnownFileType = sourcecode.c.objc; path = QuoteItem.m; sourceTree = "<group>"; };
		FD21F7C71A2A444700E0E207 /* ClassViewController.h */ = {isa = PBXFileReference; fileEncoding = 4; lastKnownFileType = sourcecode.c.h; path = ClassViewController.h; sourceTree = "<group>"; };
		FD21F7C81A2A444700E0E207 /* ClassViewController.m */ = {isa = PBXFileReference; fileEncoding = 4; lastKnownFileType = sourcecode.c.objc; path = ClassViewController.m; sourceTree = "<group>"; };
		FD3953F819C8FA760070E650 /* MuseoSans_300.otf */ = {isa = PBXFileReference; lastKnownFileType = file; path = MuseoSans_300.otf; sourceTree = "<group>"; };
		FD3953FA19C8FD140070E650 /* ColorPalette.h */ = {isa = PBXFileReference; fileEncoding = 4; lastKnownFileType = sourcecode.c.h; path = ColorPalette.h; sourceTree = "<group>"; };
		FD3953FB19C8FD140070E650 /* ColorPalette.m */ = {isa = PBXFileReference; fileEncoding = 4; lastKnownFileType = sourcecode.c.objc; path = ColorPalette.m; sourceTree = "<group>"; };
		FD7151E71A1932F200F91ECE /* Delusions.json */ = {isa = PBXFileReference; fileEncoding = 4; lastKnownFileType = text.json; path = Delusions.json; sourceTree = "<group>"; };
		FD7151E81A1932F200F91ECE /* TemplateIcon2x.png */ = {isa = PBXFileReference; lastKnownFileType = image.png; path = TemplateIcon2x.png; sourceTree = "<group>"; };
		FD7151EF1A201A8600F91ECE /* Main.storyboard */ = {isa = PBXFileReference; fileEncoding = 4; lastKnownFileType = file.storyboard; path = Main.storyboard; sourceTree = "<group>"; };
		FD7151F11A20297700F91ECE /* Quote.h */ = {isa = PBXFileReference; fileEncoding = 4; lastKnownFileType = sourcecode.c.h; path = Quote.h; sourceTree = "<group>"; };
		FD7151F21A20297700F91ECE /* Quote.m */ = {isa = PBXFileReference; fileEncoding = 4; lastKnownFileType = sourcecode.c.objc; path = Quote.m; sourceTree = "<group>"; };
		FD823C0B19C7DB06006853F2 /* AudioToolbox.framework */ = {isa = PBXFileReference; lastKnownFileType = wrapper.framework; name = AudioToolbox.framework; path = System/Library/Frameworks/AudioToolbox.framework; sourceTree = SDKROOT; };
		FD823C0D19C7DB60006853F2 /* bell-ringing-05.wav */ = {isa = PBXFileReference; lastKnownFileType = audio.wav; path = "bell-ringing-05.wav"; sourceTree = "<group>"; };
		FD823C0F19C7E3B9006853F2 /* bell1.wav */ = {isa = PBXFileReference; lastKnownFileType = audio.wav; path = bell1.wav; sourceTree = "<group>"; };
		FD8B7A6319C4C5CE00553D34 /* HomeItem.h */ = {isa = PBXFileReference; fileEncoding = 4; lastKnownFileType = sourcecode.c.h; path = HomeItem.h; sourceTree = "<group>"; };
		FD8B7A6419C4C5CE00553D34 /* HomeItem.m */ = {isa = PBXFileReference; fileEncoding = 4; lastKnownFileType = sourcecode.c.objc; path = HomeItem.m; sourceTree = "<group>"; };
		FDA6211B19C61654008D63C2 /* MeditationTimerViewController.h */ = {isa = PBXFileReference; fileEncoding = 4; lastKnownFileType = sourcecode.c.h; path = MeditationTimerViewController.h; sourceTree = "<group>"; };
		FDA6211C19C61654008D63C2 /* MeditationTimerViewController.m */ = {isa = PBXFileReference; fileEncoding = 4; lastKnownFileType = sourcecode.c.objc; path = MeditationTimerViewController.m; sourceTree = "<group>"; };
		FDA6211E19C61864008D63C2 /* GoodAdviceViewController.h */ = {isa = PBXFileReference; fileEncoding = 4; lastKnownFileType = sourcecode.c.h; path = GoodAdviceViewController.h; sourceTree = "<group>"; };
		FDA6211F19C61864008D63C2 /* GoodAdviceViewController.m */ = {isa = PBXFileReference; fileEncoding = 4; lastKnownFileType = sourcecode.c.objc; path = GoodAdviceViewController.m; sourceTree = "<group>"; };
		FDA6212119C61CF6008D63C2 /* AdviceItem.h */ = {isa = PBXFileReference; fileEncoding = 4; lastKnownFileType = sourcecode.c.h; path = AdviceItem.h; sourceTree = "<group>"; };
		FDA6212219C61CF6008D63C2 /* AdviceItem.m */ = {isa = PBXFileReference; fileEncoding = 4; lastKnownFileType = sourcecode.c.objc; path = AdviceItem.m; sourceTree = "<group>"; };
		FDC949AB19BE42C7009A681C /* KMCSF.app */ = {isa = PBXFileReference; explicitFileType = wrapper.application; includeInIndex = 0; path = KMCSF.app; sourceTree = BUILT_PRODUCTS_DIR; };
		FDC949AE19BE42C7009A681C /* Foundation.framework */ = {isa = PBXFileReference; lastKnownFileType = wrapper.framework; name = Foundation.framework; path = System/Library/Frameworks/Foundation.framework; sourceTree = SDKROOT; };
		FDC949B019BE42C7009A681C /* CoreGraphics.framework */ = {isa = PBXFileReference; lastKnownFileType = wrapper.framework; name = CoreGraphics.framework; path = System/Library/Frameworks/CoreGraphics.framework; sourceTree = SDKROOT; };
		FDC949B219BE42C7009A681C /* UIKit.framework */ = {isa = PBXFileReference; lastKnownFileType = wrapper.framework; name = UIKit.framework; path = System/Library/Frameworks/UIKit.framework; sourceTree = SDKROOT; };
		FDC949B619BE42C7009A681C /* KMCSF-Info.plist */ = {isa = PBXFileReference; lastKnownFileType = text.plist.xml; path = "KMCSF-Info.plist"; sourceTree = "<group>"; };
		FDC949B819BE42C7009A681C /* en */ = {isa = PBXFileReference; lastKnownFileType = text.plist.strings; name = en; path = en.lproj/InfoPlist.strings; sourceTree = "<group>"; };
		FDC949BA19BE42C7009A681C /* main.m */ = {isa = PBXFileReference; lastKnownFileType = sourcecode.c.objc; path = main.m; sourceTree = "<group>"; };
		FDC949BC19BE42C7009A681C /* KMCSF-Prefix.pch */ = {isa = PBXFileReference; lastKnownFileType = sourcecode.c.h; path = "KMCSF-Prefix.pch"; sourceTree = "<group>"; };
		FDC949BD19BE42C7009A681C /* AppDelegate.h */ = {isa = PBXFileReference; lastKnownFileType = sourcecode.c.h; path = AppDelegate.h; sourceTree = "<group>"; };
		FDC949BE19BE42C7009A681C /* AppDelegate.m */ = {isa = PBXFileReference; lastKnownFileType = sourcecode.c.objc; path = AppDelegate.m; sourceTree = "<group>"; };
		FDC949C919BE42C7009A681C /* Images.xcassets */ = {isa = PBXFileReference; lastKnownFileType = folder.assetcatalog; path = Images.xcassets; sourceTree = "<group>"; };
		FDC949CF19BE42C7009A681C /* KMCSFTests.xctest */ = {isa = PBXFileReference; explicitFileType = wrapper.cfbundle; includeInIndex = 0; path = KMCSFTests.xctest; sourceTree = BUILT_PRODUCTS_DIR; };
		FDC949D019BE42C7009A681C /* XCTest.framework */ = {isa = PBXFileReference; lastKnownFileType = wrapper.framework; name = XCTest.framework; path = Library/Frameworks/XCTest.framework; sourceTree = DEVELOPER_DIR; };
		FDC949D819BE42C7009A681C /* KMCSFTests-Info.plist */ = {isa = PBXFileReference; lastKnownFileType = text.plist.xml; path = "KMCSFTests-Info.plist"; sourceTree = "<group>"; };
		FDC949DA19BE42C7009A681C /* en */ = {isa = PBXFileReference; lastKnownFileType = text.plist.strings; name = en; path = en.lproj/InfoPlist.strings; sourceTree = "<group>"; };
		FDC949DC19BE42C7009A681C /* KMCSFTests.m */ = {isa = PBXFileReference; lastKnownFileType = sourcecode.c.objc; path = KMCSFTests.m; sourceTree = "<group>"; };
		FDC949E619BE4323009A681C /* HomeMenuItems.plist */ = {isa = PBXFileReference; fileEncoding = 4; lastKnownFileType = text.plist.xml; path = HomeMenuItems.plist; sourceTree = "<group>"; };
		FDC949E719BE4323009A681C /* HomeViewController.h */ = {isa = PBXFileReference; fileEncoding = 4; lastKnownFileType = sourcecode.c.h; path = HomeViewController.h; sourceTree = "<group>"; };
		FDC949E819BE4323009A681C /* HomeViewController.m */ = {isa = PBXFileReference; fileEncoding = 4; lastKnownFileType = sourcecode.c.objc; path = HomeViewController.m; sourceTree = "<group>"; };
		FDC949E919BE4323009A681C /* Quotes.plist */ = {isa = PBXFileReference; fileEncoding = 4; lastKnownFileType = text.plist.xml; path = Quotes.plist; sourceTree = "<group>"; };
		FDC949EA19BE4323009A681C /* QuoteViewController.h */ = {isa = PBXFileReference; fileEncoding = 4; lastKnownFileType = sourcecode.c.h; path = QuoteViewController.h; sourceTree = "<group>"; };
		FDC949EB19BE4323009A681C /* QuoteViewController.m */ = {isa = PBXFileReference; fileEncoding = 4; lastKnownFileType = sourcecode.c.objc; path = QuoteViewController.m; sourceTree = "<group>"; };
		FDEA38F919C4E60D0073CBE8 /* TransparentNav.h */ = {isa = PBXFileReference; fileEncoding = 4; lastKnownFileType = sourcecode.c.h; path = TransparentNav.h; sourceTree = "<group>"; };
		FDEA38FA19C4E60D0073CBE8 /* TransparentNav.m */ = {isa = PBXFileReference; fileEncoding = 4; lastKnownFileType = sourcecode.c.objc; path = TransparentNav.m; sourceTree = "<group>"; };
/* End PBXFileReference section */

/* Begin PBXFrameworksBuildPhase section */
		FDC949A819BE42C7009A681C /* Frameworks */ = {
			isa = PBXFrameworksBuildPhase;
			buildActionMask = 2147483647;
			files = (
				FD21F7C31A29198500E0E207 /* Social.framework in Frameworks */,
				FD18553B19CBAACB00AC1357 /* CoreData.framework in Frameworks */,
				FD823C0C19C7DB06006853F2 /* AudioToolbox.framework in Frameworks */,
				FDC949B119BE42C7009A681C /* CoreGraphics.framework in Frameworks */,
				FDC949B319BE42C7009A681C /* UIKit.framework in Frameworks */,
				FDC949AF19BE42C7009A681C /* Foundation.framework in Frameworks */,
			);
			runOnlyForDeploymentPostprocessing = 0;
		};
		FDC949CC19BE42C7009A681C /* Frameworks */ = {
			isa = PBXFrameworksBuildPhase;
			buildActionMask = 2147483647;
			files = (
				FDC949D119BE42C7009A681C /* XCTest.framework in Frameworks */,
				FDC949D319BE42C7009A681C /* UIKit.framework in Frameworks */,
				FDC949D219BE42C7009A681C /* Foundation.framework in Frameworks */,
			);
			runOnlyForDeploymentPostprocessing = 0;
		};
/* End PBXFrameworksBuildPhase section */

/* Begin PBXGroup section */
		FDC949A219BE42C7009A681C = {
			isa = PBXGroup;
			children = (
				FD21F7BF1A257FE300E0E207 /* Inspirations.json */,
				FD7151E71A1932F200F91ECE /* Delusions.json */,
				FD7151E81A1932F200F91ECE /* TemplateIcon2x.png */,
				FDC949B419BE42C7009A681C /* KMCSF */,
				FDC949D619BE42C7009A681C /* KMCSFTests */,
				FDC949AD19BE42C7009A681C /* Frameworks */,
				FDC949AC19BE42C7009A681C /* Products */,
			);
			sourceTree = "<group>";
		};
		FDC949AC19BE42C7009A681C /* Products */ = {
			isa = PBXGroup;
			children = (
				FDC949AB19BE42C7009A681C /* KMCSF.app */,
				FDC949CF19BE42C7009A681C /* KMCSFTests.xctest */,
			);
			name = Products;
			sourceTree = "<group>";
		};
		FDC949AD19BE42C7009A681C /* Frameworks */ = {
			isa = PBXGroup;
			children = (
				FD21F7C21A29198500E0E207 /* Social.framework */,
				FD18553A19CBAACB00AC1357 /* CoreData.framework */,
				FD823C0B19C7DB06006853F2 /* AudioToolbox.framework */,
				FDC949AE19BE42C7009A681C /* Foundation.framework */,
				FDC949B019BE42C7009A681C /* CoreGraphics.framework */,
				FDC949B219BE42C7009A681C /* UIKit.framework */,
				FDC949D019BE42C7009A681C /* XCTest.framework */,
			);
			name = Frameworks;
			sourceTree = "<group>";
		};
		FDC949B419BE42C7009A681C /* KMCSF */ = {
			isa = PBXGroup;
			children = (
				FDC949BD19BE42C7009A681C /* AppDelegate.h */,
				FDC949BE19BE42C7009A681C /* AppDelegate.m */,
				FD8B7A6319C4C5CE00553D34 /* HomeItem.h */,
				FD8B7A6419C4C5CE00553D34 /* HomeItem.m */,
				FDC949E719BE4323009A681C /* HomeViewController.h */,
				FDC949E819BE4323009A681C /* HomeViewController.m */,
				FD21F7C71A2A444700E0E207 /* ClassViewController.h */,
				FD21F7C81A2A444700E0E207 /* ClassViewController.m */,
				FDC949EA19BE4323009A681C /* QuoteViewController.h */,
				FDC949EB19BE4323009A681C /* QuoteViewController.m */,
				FD21F7C41A29342400E0E207 /* QuoteItem.h */,
				FD21F7C51A29342400E0E207 /* QuoteItem.m */,
				FDA6212119C61CF6008D63C2 /* AdviceItem.h */,
				FDA6212219C61CF6008D63C2 /* AdviceItem.m */,
				FD7151F11A20297700F91ECE /* Quote.h */,
				FD7151F21A20297700F91ECE /* Quote.m */,
				FDA6211E19C61864008D63C2 /* GoodAdviceViewController.h */,
				FDA6211F19C61864008D63C2 /* GoodAdviceViewController.m */,
				FDA6211B19C61654008D63C2 /* MeditationTimerViewController.h */,
				FDA6211C19C61654008D63C2 /* MeditationTimerViewController.m */,
				FDEA38F919C4E60D0073CBE8 /* TransparentNav.h */,
				FDEA38FA19C4E60D0073CBE8 /* TransparentNav.m */,
				FD7151EF1A201A8600F91ECE /* Main.storyboard */,
				FDC949C919BE42C7009A681C /* Images.xcassets */,
				FD3953FA19C8FD140070E650 /* ColorPalette.h */,
				FD3953FB19C8FD140070E650 /* ColorPalette.m */,
				FDC949B519BE42C7009A681C /* Supporting Files */,
				FD1CA0D019CBBA41006BED25 /* test.html */,
				FD1CA0D119CBBA41006BED25 /* TemplateIcon2x.png */,
			);
			path = KMCSF;
			sourceTree = "<group>";
		};
		FDC949B519BE42C7009A681C /* Supporting Files */ = {
			isa = PBXGroup;
			children = (
				FD1CA0D819CBD128006BED25 /* Anger.csv */,
				FD3953F819C8FA760070E650 /* MuseoSans_300.otf */,
				FD823C0F19C7E3B9006853F2 /* bell1.wav */,
				FD823C0D19C7DB60006853F2 /* bell-ringing-05.wav */,
				FDC949E619BE4323009A681C /* HomeMenuItems.plist */,
				FDC949E919BE4323009A681C /* Quotes.plist */,
				FDC949B619BE42C7009A681C /* KMCSF-Info.plist */,
				FDC949B719BE42C7009A681C /* InfoPlist.strings */,
				FDC949BA19BE42C7009A681C /* main.m */,
				FDC949BC19BE42C7009A681C /* KMCSF-Prefix.pch */,
			);
			name = "Supporting Files";
			sourceTree = "<group>";
		};
		FDC949D619BE42C7009A681C /* KMCSFTests */ = {
			isa = PBXGroup;
			children = (
				FDC949DC19BE42C7009A681C /* KMCSFTests.m */,
				FDC949D719BE42C7009A681C /* Supporting Files */,
			);
			path = KMCSFTests;
			sourceTree = "<group>";
		};
		FDC949D719BE42C7009A681C /* Supporting Files */ = {
			isa = PBXGroup;
			children = (
				FDC949D819BE42C7009A681C /* KMCSFTests-Info.plist */,
				FDC949D919BE42C7009A681C /* InfoPlist.strings */,
			);
			name = "Supporting Files";
			sourceTree = "<group>";
		};
/* End PBXGroup section */

/* Begin PBXNativeTarget section */
		FDC949AA19BE42C7009A681C /* KMCSF */ = {
			isa = PBXNativeTarget;
			buildConfigurationList = FDC949E019BE42C7009A681C /* Build configuration list for PBXNativeTarget "KMCSF" */;
			buildPhases = (
				FDC949A719BE42C7009A681C /* Sources */,
				FDC949A819BE42C7009A681C /* Frameworks */,
				FDC949A919BE42C7009A681C /* Resources */,
				FD7151EB1A19337D00F91ECE /* CopyFiles */,
			);
			buildRules = (
			);
			dependencies = (
			);
			name = KMCSF;
			productName = KMCSF;
			productReference = FDC949AB19BE42C7009A681C /* KMCSF.app */;
			productType = "com.apple.product-type.application";
		};
		FDC949CE19BE42C7009A681C /* KMCSFTests */ = {
			isa = PBXNativeTarget;
			buildConfigurationList = FDC949E319BE42C7009A681C /* Build configuration list for PBXNativeTarget "KMCSFTests" */;
			buildPhases = (
				FDC949CB19BE42C7009A681C /* Sources */,
				FDC949CC19BE42C7009A681C /* Frameworks */,
				FDC949CD19BE42C7009A681C /* Resources */,
			);
			buildRules = (
			);
			dependencies = (
				FDC949D519BE42C7009A681C /* PBXTargetDependency */,
			);
			name = KMCSFTests;
			productName = KMCSFTests;
			productReference = FDC949CF19BE42C7009A681C /* KMCSFTests.xctest */;
			productType = "com.apple.product-type.bundle.unit-test";
		};
/* End PBXNativeTarget section */

/* Begin PBXProject section */
		FDC949A319BE42C7009A681C /* Project object */ = {
			isa = PBXProject;
			attributes = {
				LastUpgradeCheck = 0510;
				ORGANIZATIONNAME = "The Graphics Garden";
				TargetAttributes = {
					FDC949CE19BE42C7009A681C = {
						TestTargetID = FDC949AA19BE42C7009A681C;
					};
				};
			};
			buildConfigurationList = FDC949A619BE42C7009A681C /* Build configuration list for PBXProject "KMCSF" */;
			compatibilityVersion = "Xcode 3.2";
			developmentRegion = English;
			hasScannedForEncodings = 0;
			knownRegions = (
				en,
				Base,
			);
			mainGroup = FDC949A219BE42C7009A681C;
			productRefGroup = FDC949AC19BE42C7009A681C /* Products */;
			projectDirPath = "";
			projectRoot = "";
			targets = (
				FDC949AA19BE42C7009A681C /* KMCSF */,
				FDC949CE19BE42C7009A681C /* KMCSFTests */,
			);
		};
/* End PBXProject section */

/* Begin PBXResourcesBuildPhase section */
		FDC949A919BE42C7009A681C /* Resources */ = {
			isa = PBXResourcesBuildPhase;
			buildActionMask = 2147483647;
			files = (
				FD1CA0D919CBD128006BED25 /* Anger.csv in Resources */,
				FD7151E91A1932F200F91ECE /* Delusions.json in Resources */,
				FDC949EE19BE4323009A681C /* Quotes.plist in Resources */,
				FDC949CA19BE42C7009A681C /* Images.xcassets in Resources */,
				FD3953F919C8FA760070E650 /* MuseoSans_300.otf in Resources */,
				FD7151EA1A1932F200F91ECE /* TemplateIcon2x.png in Resources */,
				FDC949EC19BE4323009A681C /* HomeMenuItems.plist in Resources */,
				FD1CA0D319CBBA41006BED25 /* TemplateIcon2x.png in Resources */,
				FD7151F01A201A8600F91ECE /* Main.storyboard in Resources */,
				FD823C1019C7E3B9006853F2 /* bell1.wav in Resources */,
				FD21F7C01A257FE300E0E207 /* Inspirations.json in Resources */,
				FD823C0E19C7DB60006853F2 /* bell-ringing-05.wav in Resources */,
				FD1CA0D219CBBA41006BED25 /* test.html in Resources */,
				FDC949B919BE42C7009A681C /* InfoPlist.strings in Resources */,
			);
			runOnlyForDeploymentPostprocessing = 0;
		};
		FDC949CD19BE42C7009A681C /* Resources */ = {
			isa = PBXResourcesBuildPhase;
			buildActionMask = 2147483647;
			files = (
				FDC949DB19BE42C7009A681C /* InfoPlist.strings in Resources */,
			);
			runOnlyForDeploymentPostprocessing = 0;
		};
/* End PBXResourcesBuildPhase section */

/* Begin PBXSourcesBuildPhase section */
		FDC949A719BE42C7009A681C /* Sources */ = {
			isa = PBXSourcesBuildPhase;
			buildActionMask = 2147483647;
			files = (
				FDC949BF19BE42C7009A681C /* AppDelegate.m in Sources */,
				FDA6212019C61864008D63C2 /* GoodAdviceViewController.m in Sources */,
				FDC949EF19BE4323009A681C /* QuoteViewController.m in Sources */,
				FDEA38FB19C4E60D0073CBE8 /* TransparentNav.m in Sources */,
				FD8B7A6519C4C5CE00553D34 /* HomeItem.m in Sources */,
				FDC949BB19BE42C7009A681C /* main.m in Sources */,
				FDA6212319C61CF6008D63C2 /* AdviceItem.m in Sources */,
				FD21F7C61A29342400E0E207 /* QuoteItem.m in Sources */,
				FD21F7C91A2A444700E0E207 /* ClassViewController.m in Sources */,
				FD3953FC19C8FD140070E650 /* ColorPalette.m in Sources */,
				FD7151F31A20297700F91ECE /* Quote.m in Sources */,
				FDC949ED19BE4323009A681C /* HomeViewController.m in Sources */,
				FDA6211D19C61654008D63C2 /* MeditationTimerViewController.m in Sources */,
			);
			runOnlyForDeploymentPostprocessing = 0;
		};
		FDC949CB19BE42C7009A681C /* Sources */ = {
			isa = PBXSourcesBuildPhase;
			buildActionMask = 2147483647;
			files = (
				FDC949DD19BE42C7009A681C /* KMCSFTests.m in Sources */,
			);
			runOnlyForDeploymentPostprocessing = 0;
		};
/* End PBXSourcesBuildPhase section */

/* Begin PBXTargetDependency section */
		FDC949D519BE42C7009A681C /* PBXTargetDependency */ = {
			isa = PBXTargetDependency;
			target = FDC949AA19BE42C7009A681C /* KMCSF */;
			targetProxy = FDC949D419BE42C7009A681C /* PBXContainerItemProxy */;
		};
/* End PBXTargetDependency section */

/* Begin PBXVariantGroup section */
		FDC949B719BE42C7009A681C /* InfoPlist.strings */ = {
			isa = PBXVariantGroup;
			children = (
				FDC949B819BE42C7009A681C /* en */,
			);
			name = InfoPlist.strings;
			sourceTree = "<group>";
		};
		FDC949D919BE42C7009A681C /* InfoPlist.strings */ = {
			isa = PBXVariantGroup;
			children = (
				FDC949DA19BE42C7009A681C /* en */,
			);
			name = InfoPlist.strings;
			sourceTree = "<group>";
		};
/* End PBXVariantGroup section */

/* Begin XCBuildConfiguration section */
		FDC949DE19BE42C7009A681C /* Debug */ = {
			isa = XCBuildConfiguration;
			buildSettings = {
				ALWAYS_SEARCH_USER_PATHS = NO;
				CLANG_CXX_LANGUAGE_STANDARD = "gnu++0x";
				CLANG_CXX_LIBRARY = "libc++";
				CLANG_ENABLE_MODULES = YES;
				CLANG_ENABLE_OBJC_ARC = YES;
				CLANG_WARN_BOOL_CONVERSION = YES;
				CLANG_WARN_CONSTANT_CONVERSION = YES;
				CLANG_WARN_DIRECT_OBJC_ISA_USAGE = YES_ERROR;
				CLANG_WARN_EMPTY_BODY = YES;
				CLANG_WARN_ENUM_CONVERSION = YES;
				CLANG_WARN_INT_CONVERSION = YES;
				CLANG_WARN_OBJC_ROOT_CLASS = YES_ERROR;
				CLANG_WARN__DUPLICATE_METHOD_MATCH = YES;
				"CODE_SIGN_IDENTITY[sdk=iphoneos*]" = "iPhone Developer";
				COPY_PHASE_STRIP = NO;
				GCC_C_LANGUAGE_STANDARD = gnu99;
				GCC_DYNAMIC_NO_PIC = NO;
				GCC_OPTIMIZATION_LEVEL = 0;
				GCC_PREPROCESSOR_DEFINITIONS = (
					"DEBUG=1",
					"$(inherited)",
				);
				GCC_SYMBOLS_PRIVATE_EXTERN = NO;
				GCC_WARN_64_TO_32_BIT_CONVERSION = YES;
				GCC_WARN_ABOUT_RETURN_TYPE = YES_ERROR;
				GCC_WARN_UNDECLARED_SELECTOR = YES;
				GCC_WARN_UNINITIALIZED_AUTOS = YES_AGGRESSIVE;
				GCC_WARN_UNUSED_FUNCTION = YES;
				GCC_WARN_UNUSED_VARIABLE = YES;
				IPHONEOS_DEPLOYMENT_TARGET = 7.1;
				ONLY_ACTIVE_ARCH = YES;
				SDKROOT = iphoneos;
				TARGETED_DEVICE_FAMILY = "1,2";
			};
			name = Debug;
		};
		FDC949DF19BE42C7009A681C /* Release */ = {
			isa = XCBuildConfiguration;
			buildSettings = {
				ALWAYS_SEARCH_USER_PATHS = NO;
				CLANG_CXX_LANGUAGE_STANDARD = "gnu++0x";
				CLANG_CXX_LIBRARY = "libc++";
				CLANG_ENABLE_MODULES = YES;
				CLANG_ENABLE_OBJC_ARC = YES;
				CLANG_WARN_BOOL_CONVERSION = YES;
				CLANG_WARN_CONSTANT_CONVERSION = YES;
				CLANG_WARN_DIRECT_OBJC_ISA_USAGE = YES_ERROR;
				CLANG_WARN_EMPTY_BODY = YES;
				CLANG_WARN_ENUM_CONVERSION = YES;
				CLANG_WARN_INT_CONVERSION = YES;
				CLANG_WARN_OBJC_ROOT_CLASS = YES_ERROR;
				CLANG_WARN__DUPLICATE_METHOD_MATCH = YES;
				"CODE_SIGN_IDENTITY[sdk=iphoneos*]" = "iPhone Developer";
				COPY_PHASE_STRIP = YES;
				ENABLE_NS_ASSERTIONS = NO;
				GCC_C_LANGUAGE_STANDARD = gnu99;
				GCC_WARN_64_TO_32_BIT_CONVERSION = YES;
				GCC_WARN_ABOUT_RETURN_TYPE = YES_ERROR;
				GCC_WARN_UNDECLARED_SELECTOR = YES;
				GCC_WARN_UNINITIALIZED_AUTOS = YES_AGGRESSIVE;
				GCC_WARN_UNUSED_FUNCTION = YES;
				GCC_WARN_UNUSED_VARIABLE = YES;
				IPHONEOS_DEPLOYMENT_TARGET = 7.1;
				SDKROOT = iphoneos;
				TARGETED_DEVICE_FAMILY = "1,2";
				VALIDATE_PRODUCT = YES;
			};
			name = Release;
		};
		FDC949E119BE42C7009A681C /* Debug */ = {
			isa = XCBuildConfiguration;
			buildSettings = {
				ASSETCATALOG_COMPILER_APPICON_NAME = AppIcon;
				ASSETCATALOG_COMPILER_LAUNCHIMAGE_NAME = LaunchImage;
				CODE_SIGN_IDENTITY = "iPhone Developer";
				"CODE_SIGN_IDENTITY[sdk=iphoneos*]" = "iPhone Developer: Jason Bryant (JRX6N3VSWF)";
				GCC_PRECOMPILE_PREFIX_HEADER = YES;
				GCC_PREFIX_HEADER = "KMCSF/KMCSF-Prefix.pch";
				INFOPLIST_FILE = "KMCSF/KMCSF-Info.plist";
				PRODUCT_NAME = "$(TARGET_NAME)";
				WRAPPER_EXTENSION = app;
			};
			name = Debug;
		};
		FDC949E219BE42C7009A681C /* Release */ = {
			isa = XCBuildConfiguration;
			buildSettings = {
				ASSETCATALOG_COMPILER_APPICON_NAME = AppIcon;
				ASSETCATALOG_COMPILER_LAUNCHIMAGE_NAME = LaunchImage;
				GCC_PRECOMPILE_PREFIX_HEADER = YES;
				GCC_PREFIX_HEADER = "KMCSF/KMCSF-Prefix.pch";
				INFOPLIST_FILE = "KMCSF/KMCSF-Info.plist";
				PRODUCT_NAME = "$(TARGET_NAME)";
				WRAPPER_EXTENSION = app;
			};
			name = Release;
		};
		FDC949E419BE42C7009A681C /* Debug */ = {
			isa = XCBuildConfiguration;
			buildSettings = {
				BUNDLE_LOADER = "$(BUILT_PRODUCTS_DIR)/KMCSF.app/KMCSF";
				FRAMEWORK_SEARCH_PATHS = (
					"$(SDKROOT)/Developer/Library/Frameworks",
					"$(inherited)",
					"$(DEVELOPER_FRAMEWORKS_DIR)",
				);
				GCC_PRECOMPILE_PREFIX_HEADER = YES;
				GCC_PREFIX_HEADER = "KMCSF/KMCSF-Prefix.pch";
				GCC_PREPROCESSOR_DEFINITIONS = (
					"DEBUG=1",
					"$(inherited)",
				);
				INFOPLIST_FILE = "KMCSFTests/KMCSFTests-Info.plist";
				PRODUCT_NAME = "$(TARGET_NAME)";
				TEST_HOST = "$(BUNDLE_LOADER)";
				WRAPPER_EXTENSION = xctest;
			};
			name = Debug;
		};
		FDC949E519BE42C7009A681C /* Release */ = {
			isa = XCBuildConfiguration;
			buildSettings = {
				BUNDLE_LOADER = "$(BUILT_PRODUCTS_DIR)/KMCSF.app/KMCSF";
				FRAMEWORK_SEARCH_PATHS = (
					"$(SDKROOT)/Developer/Library/Frameworks",
					"$(inherited)",
					"$(DEVELOPER_FRAMEWORKS_DIR)",
				);
				GCC_PRECOMPILE_PREFIX_HEADER = YES;
				GCC_PREFIX_HEADER = "KMCSF/KMCSF-Prefix.pch";
				INFOPLIST_FILE = "KMCSFTests/KMCSFTests-Info.plist";
				PRODUCT_NAME = "$(TARGET_NAME)";
				TEST_HOST = "$(BUNDLE_LOADER)";
				WRAPPER_EXTENSION = xctest;
			};
			name = Release;
		};
/* End XCBuildConfiguration section */

/* Begin XCConfigurationList section */
		FDC949A619BE42C7009A681C /* Build configuration list for PBXProject "KMCSF" */ = {
			isa = XCConfigurationList;
			buildConfigurations = (
				FDC949DE19BE42C7009A681C /* Debug */,
				FDC949DF19BE42C7009A681C /* Release */,
			);
			defaultConfigurationIsVisible = 0;
			defaultConfigurationName = Release;
		};
		FDC949E019BE42C7009A681C /* Build configuration list for PBXNativeTarget "KMCSF" */ = {
			isa = XCConfigurationList;
			buildConfigurations = (
				FDC949E119BE42C7009A681C /* Debug */,
				FDC949E219BE42C7009A681C /* Release */,
			);
			defaultConfigurationIsVisible = 0;
			defaultConfigurationName = Release;
		};
		FDC949E319BE42C7009A681C /* Build configuration list for PBXNativeTarget "KMCSFTests" */ = {
			isa = XCConfigurationList;
			buildConfigurations = (
				FDC949E419BE42C7009A681C /* Debug */,
				FDC949E519BE42C7009A681C /* Release */,
			);
			defaultConfigurationIsVisible = 0;
			defaultConfigurationName = Release;
		};
/* End XCConfigurationList section */
	};
	rootObject = FDC949A319BE42C7009A681C /* Project object */;
}
